
Microsoft Visual Studio Solution File, Format Version 12.00
# Visual Studio Version 16
VisualStudioVersion = 16.0.29001.49
MinimumVisualStudioVersion = 10.0.40219.1
Project("{FAE04EC0-301F-11D3-BF4B-00C04F79EFBC}") = "CSharpSeleniumBDDFramework", "CSharpSeleniumBDDFramework\CSharpSeleniumBDDFramework.csproj", "{5831F6B8-0C99-429D-959B-F33ED13D5AD3}"
EndProject
Global
	GlobalSection(SolutionConfigurationPlatforms) = preSolution
		Debug|Any CPU = Debug|Any CPU
		Release|Any CPU = Release|Any CPU
	EndGlobalSection
	GlobalSection(ProjectConfigurationPlatforms) = postSolution
		{5831F6B8-0C99-429D-959B-F33ED13D5AD3}.Debug|Any CPU.ActiveCfg = Debug|Any CPU
		{5831F6B8-0C99-429D-959B-F33ED13D5AD3}.Debug|Any CPU.Build.0 = Debug|Any CPU
		{5831F6B8-0C99-429D-959B-F33ED13D5AD3}.Release|Any CPU.ActiveCfg = Release|Any CPU
		{5831F6B8-0C99-429D-959B-F33ED13D5AD3}.Release|Any CPU.Build.0 = Release|Any CPU
	EndGlobalSection
	GlobalSection(SolutionProperties) = preSolution
		HideSolutionNode = FALSE
	EndGlobalSection
	GlobalSection(ExtensibilityGlobals) = postSolution
		SolutionGuid = {B6731D5B-5804-4DFA-B3B6-E2E96566EF8E}
	EndGlobalSection
EndGlobal
